{
  "name": "setloose",
  "version": "3.0.0",
  "lockfileVersion": 1,
  "requires": true,
  "dependencies": {
    "nowish": {
      "version": "1.0.0",
      "resolved": "https://registry.npmjs.org/nowish/-/nowish-1.0.0.tgz",
      "integrity": "sha512-TxVzKm+oWIkkDg78k9y59dBRqXHMfEEjX7+b3ayrEi9cbWqCL45ehrkAYlCM6gbohLH987D5AzQZTmgDijkmjQ=="
    }
  }
}
